
Microsoft Visual Studio Solution File, Format Version 12.00
# Visual Studio Version 17
VisualStudioVersion = 17.0.32112.339
MinimumVisualStudioVersion = 10.0.40219.1
Project("{9A19103F-16F7-4668-BE54-9A1E7A4F7556}") = "POC.Rotativa.AspNetCore.Net5", "POC.Rotativa.AspNetCore.Net5\POC.Rotativa.AspNetCore.Net5.csproj", "{14E0A720-2B01-40CB-BC3A-EC296F0A049D}"
EndProject
Project("{9A19103F-16F7-4668-BE54-9A1E7A4F7556}") = "POC.Rotativa.AspNetCore.Net6", "POC.Rotativa.AspNetCore.Net6\POC.Rotativa.AspNetCore.Net6.csproj", "{496C32E1-FADA-442B-AB19-B09E4474B002}"
EndProject
Project("{9A19103F-16F7-4668-BE54-9A1E7A4F7556}") = "POC.Rotativa.AspNetCore.NetCore2.1", "POC.Rotativa.AspNetCore.NetCore2.1\POC.Rotativa.AspNetCore.NetCore2.1.csproj", "{E2DE3D54-82A0-4E5E-8DDF-90A90077AF28}"
EndProject
Project("{9A19103F-16F7-4668-BE54-9A1E7A4F7556}") = "POC.Rotativa.AspNetCore.NetCore3.1", "POC.Rotativa.AspNetCore.NetCore3.1\POC.Rotativa.AspNetCore.NetCore3.1.csproj", "{88B0FAB8-1221-4F4F-BFBE-B8C6E3130A15}"
EndProject
Global
	GlobalSection(SolutionConfigurationPlatforms) = preSolution
		Debug|Any CPU = Debug|Any CPU
		Release|Any CPU = Release|Any CPU
	EndGlobalSection
	GlobalSection(ProjectConfigurationPlatforms) = postSolution
		{14E0A720-2B01-40CB-BC3A-EC296F0A049D}.Debug|Any CPU.ActiveCfg = Debug|Any CPU
		{14E0A720-2B01-40CB-BC3A-EC296F0A049D}.Debug|Any CPU.Build.0 = Debug|Any CPU
		{14E0A720-2B01-40CB-BC3A-EC296F0A049D}.Release|Any CPU.ActiveCfg = Release|Any CPU
		{14E0A720-2B01-40CB-BC3A-EC296F0A049D}.Release|Any CPU.Build.0 = Release|Any CPU
		{496C32E1-FADA-442B-AB19-B09E4474B002}.Debug|Any CPU.ActiveCfg = Debug|Any CPU
		{496C32E1-FADA-442B-AB19-B09E4474B002}.Debug|Any CPU.Build.0 = Debug|Any CPU
		{496C32E1-FADA-442B-AB19-B09E4474B002}.Release|Any CPU.ActiveCfg = Release|Any CPU
		{496C32E1-FADA-442B-AB19-B09E4474B002}.Release|Any CPU.Build.0 = Release|Any CPU
		{E2DE3D54-82A0-4E5E-8DDF-90A90077AF28}.Debug|Any CPU.ActiveCfg = Debug|Any CPU
		{E2DE3D54-82A0-4E5E-8DDF-90A90077AF28}.Debug|Any CPU.Build.0 = Debug|Any CPU
		{E2DE3D54-82A0-4E5E-8DDF-90A90077AF28}.Release|Any CPU.ActiveCfg = Release|Any CPU
		{E2DE3D54-82A0-4E5E-8DDF-90A90077AF28}.Release|Any CPU.Build.0 = Release|Any CPU
		{88B0FAB8-1221-4F4F-BFBE-B8C6E3130A15}.Debug|Any CPU.ActiveCfg = Debug|Any CPU
		{88B0FAB8-1221-4F4F-BFBE-B8C6E3130A15}.Debug|Any CPU.Build.0 = Debug|Any CPU
		{88B0FAB8-1221-4F4F-BFBE-B8C6E3130A15}.Release|Any CPU.ActiveCfg = Release|Any CPU
		{88B0FAB8-1221-4F4F-BFBE-B8C6E3130A15}.Release|Any CPU.Build.0 = Release|Any CPU
	EndGlobalSection
	GlobalSection(SolutionProperties) = preSolution
		HideSolutionNode = FALSE
	EndGlobalSection
	GlobalSection(ExtensibilityGlobals) = postSolution
		SolutionGuid = {39CCDB0C-7225-4D85-B616-4B6CDFEC3942}
	EndGlobalSection
EndGlobal
